Microsoft Visual Studio Solution File, Format Version 11.00
# Visual Studio 2008

Project("{49F7B0A7-A12B-7D28-95F4-E1B1F5C1042E}") = "DotFlow-Files", "Assembly-CSharp.csproj", "{24A0E20B-F7A8-B1ED-FE65-AB7A93DA1E01}"
EndProject
Project("{49F7B0A7-A12B-7D28-95F4-E1B1F5C1042E}") = "DotFlow-Files", "Assembly-CSharp-Editor.csproj", "{825B7743-98A1-F38B-E1D6-7BEDCCC5BF5B}"
EndProject
Global
	GlobalSection(SolutionConfigurationPlatforms) = preSolution
		Debug|Any CPU = Debug|Any CPU
		Release|Any CPU = Release|Any CPU
	EndGlobalSection
	GlobalSection(ProjectConfigurationPlatforms) = postSolution
		{24A0E20B-F7A8-B1ED-FE65-AB7A93DA1E01}.Debug|Any CPU.ActiveCfg = Debug|Any CPU
		{24A0E20B-F7A8-B1ED-FE65-AB7A93DA1E01}.Debug|Any CPU.Build.0 = Debug|Any CPU
		{24A0E20B-F7A8-B1ED-FE65-AB7A93DA1E01}.Release|Any CPU.ActiveCfg = Release|Any CPU
		{24A0E20B-F7A8-B1ED-FE65-AB7A93DA1E01}.Release|Any CPU.Build.0 = Release|Any CPU
		{825B7743-98A1-F38B-E1D6-7BEDCCC5BF5B}.Debug|Any CPU.ActiveCfg = Debug|Any CPU
		{825B7743-98A1-F38B-E1D6-7BEDCCC5BF5B}.Debug|Any CPU.Build.0 = Debug|Any CPU
		{825B7743-98A1-F38B-E1D6-7BEDCCC5BF5B}.Release|Any CPU.ActiveCfg = Release|Any CPU
		{825B7743-98A1-F38B-E1D6-7BEDCCC5BF5B}.Release|Any CPU.Build.0 = Release|Any CPU
	EndGlobalSection
	GlobalSection(SolutionProperties) = preSolution
		HideSolutionNode = FALSE
	EndGlobalSection
																										GlobalSection(MonoDevelopProperties) = preSolution
		StartupItem = Assembly-CSharp.csproj
		Policies = $0
		$0.TextStylePolicy = $1
		$1.inheritsSet = null
		$1.scope = text/x-csharp
		$0.CSharpFormattingPolicy = $2
		$2.inheritsSet = Mono
		$2.inheritsScope = text/x-csharp
		$2.scope = text/x-csharp
		$0.TextStylePolicy = $3
		$3.FileWidth = 120
		$3.TabWidth = 4
		$3.EolMarker = Unix
		$3.inheritsSet = Mono
		$3.inheritsScope = text/plain
		$3.scope = text/plain
	EndGlobalSection
																								GlobalSection(MonoDevelopProperties) = preSolution
		StartupItem = Assembly-CSharp.csproj
		Policies = $0
		$0.TextStylePolicy = $1
		$1.inheritsSet = null
		$1.scope = text/x-csharp
		$0.CSharpFormattingPolicy = $2
		$2.inheritsSet = Mono
		$2.inheritsScope = text/x-csharp
		$2.scope = text/x-csharp
		$0.TextStylePolicy = $3
		$3.FileWidth = 120
		$3.TabWidth = 4
		$3.EolMarker = Unix
		$3.inheritsSet = Mono
		$3.inheritsScope = text/plain
		$3.scope = text/plain
	EndGlobalSection

EndGlobal
